<?xml version="1.0" encoding="utf-8"?>
<Project ToolsVersion="4.0" xmlns="http://schemas.microsoft.com/developer/msbuild/2003">
  <ItemGroup>
    <ClCompile Include="Ball.cpp" />
    <ClCompile Include="Basket.cpp" />
    <ClCompile Include="block.cpp" />
    <ClCompile Include="blocks.cpp" />
    <ClCompile Include="CpuPaddle.cpp" />
    <ClCompile Include="FB_Board.cpp" />
    <ClCompile Include="Fruit.cpp" />
    <ClCompile Include="FruitBasket.cpp" />
    <ClCompile Include="Paddle.cpp" />
    <ClCompile Include="PongGame.cpp" />
    <ClCompile Include="Score.cpp" />
    <ClCompile Include="tetrisBoard.cpp" />
    <ClCompile Include="food.cpp" />
    <ClCompile Include="main.cpp" />
    <ClCompile Include="menu.cpp" />
    <ClCompile Include="position.cpp" />
    <ClCompile Include="snake.cpp" />
    <ClCompile Include="snakeboard.cpp" />
    <ClCompile Include="snakemove.cpp" />
    <ClCompile Include="tetris.cpp" />
    <ClCompile Include="util.cpp" />
  </ItemGroup>
  <ItemGroup>
    <ClInclude Include="Ball.h" />
    <ClInclude Include="block.h" />
    <ClInclude Include="CpuPaddle.h" />
    <ClInclude Include="Fruit.h" />
    <ClInclude Include="FruitBasket.h" />
    <ClInclude Include="FB_Board.h" />
    <ClInclude Include="Basket.h" />
    <ClInclude Include="Paddle.h" />
    <ClInclude Include="PongGame.h" />
    <ClInclude Include="Score.h" />
    <ClInclude Include="tetrisBoard.h" />
    <ClInclude Include="defines.h" />
    <ClInclude Include="menu.h" />
    <ClInclude Include="food.h" />
    <ClInclude Include="position.h" />
    <ClInclude Include="snake.h" />
    <ClInclude Include="snakeboard.h" />
    <ClInclude Include="snakemove.h" />
    <ClInclude Include="tetris.h" />
    <ClInclude Include="util.h" />
  </ItemGroup>
</Project>